// !$*UTF8*$!
{
	archiveVersion = 1;
	classes = {
	};
	objectVersion = 56;
	objects = {

/* Begin PBXBuildFile section */
		6FEA59112BBBD10D003A49A5 /* ItunesProject_SwiftUIApp.swift in Sources */ = {isa = PBXBuildFile; fileRef = 6FEA59102BBBD10D003A49A5 /* ItunesProject_SwiftUIApp.swift */; };
		6FEA59132BBBD10D003A49A5 /* ContentView.swift in Sources */ = {isa = PBXBuildFile; fileRef = 6FEA59122BBBD10D003A49A5 /* ContentView.swift */; };
		6FEA59152BBBD10F003A49A5 /* Assets.xcassets in Resources */ = {isa = PBXBuildFile; fileRef = 6FEA59142BBBD10F003A49A5 /* Assets.xcassets */; };
		6FEA59182BBBD10F003A49A5 /* Preview Assets.xcassets in Resources */ = {isa = PBXBuildFile; fileRef = 6FEA59172BBBD10F003A49A5 /* Preview Assets.xcassets */; };
		6FEA59222BBBD10F003A49A5 /* ItunesProject_SwiftUITests.swift in Sources */ = {isa = PBXBuildFile; fileRef = 6FEA59212BBBD10F003A49A5 /* ItunesProject_SwiftUITests.swift */; };
		6FEA592C2BBBD10F003A49A5 /* ItunesProject_SwiftUIUITests.swift in Sources */ = {isa = PBXBuildFile; fileRef = 6FEA592B2BBBD10F003A49A5 /* ItunesProject_SwiftUIUITests.swift */; };
		6FEA592E2BBBD10F003A49A5 /* ItunesProject_SwiftUIUITestsLaunchTests.swift in Sources */ = {isa = PBXBuildFile; fileRef = 6FEA592D2BBBD10F003A49A5 /* ItunesProject_SwiftUIUITestsLaunchTests.swift */; };
		6FEA59412BBBD1B0003A49A5 /* BaseUrl.swift in Sources */ = {isa = PBXBuildFile; fileRef = 6FEA59402BBBD1B0003A49A5 /* BaseUrl.swift */; };
		6FEA59432BBBD1D2003A49A5 /* ItunesApiError.swift in Sources */ = {isa = PBXBuildFile; fileRef = 6FEA59422BBBD1D2003A49A5 /* ItunesApiError.swift */; };
		6FEA59452BBBD22A003A49A5 /* ItunesRepository.swift in Sources */ = {isa = PBXBuildFile; fileRef = 6FEA59442BBBD22A003A49A5 /* ItunesRepository.swift */; };
		6FEA59472BBBD24E003A49A5 /* SongDTO.swift in Sources */ = {isa = PBXBuildFile; fileRef = 6FEA59462BBBD24E003A49A5 /* SongDTO.swift */; };
		6FEA59492BBBD291003A49A5 /* ItunesApiService.swift in Sources */ = {isa = PBXBuildFile; fileRef = 6FEA59482BBBD291003A49A5 /* ItunesApiService.swift */; };
		6FEA594B2BBBD2B5003A49A5 /* ItunesApiServiceProtocol.swift in Sources */ = {isa = PBXBuildFile; fileRef = 6FEA594A2BBBD2B5003A49A5 /* ItunesApiServiceProtocol.swift */; };
		6FEA59512BBBD452003A49A5 /* SongModel.swift in Sources */ = {isa = PBXBuildFile; fileRef = 6FEA59502BBBD452003A49A5 /* SongModel.swift */; };
		6FEA59532BBBD4AB003A49A5 /* IdentifiableString.swift in Sources */ = {isa = PBXBuildFile; fileRef = 6FEA59522BBBD4AB003A49A5 /* IdentifiableString.swift */; };
		6FEA59552BBBD4EC003A49A5 /* GetListSongsUseCase.swift in Sources */ = {isa = PBXBuildFile; fileRef = 6FEA59542BBBD4EC003A49A5 /* GetListSongsUseCase.swift */; };
		6FEA59572BBBD51B003A49A5 /* ItunesRepositoryProtocol.swift in Sources */ = {isa = PBXBuildFile; fileRef = 6FEA59562BBBD51B003A49A5 /* ItunesRepositoryProtocol.swift */; };
		6FEA595B2BBBD5D6003A49A5 /* ItunesMusicViewModel.swift in Sources */ = {isa = PBXBuildFile; fileRef = 6FEA595A2BBBD5D6003A49A5 /* ItunesMusicViewModel.swift */; };
		6FEA595D2BBBD621003A49A5 /* ItunesScreen.swift in Sources */ = {isa = PBXBuildFile; fileRef = 6FEA595C2BBBD621003A49A5 /* ItunesScreen.swift */; };
/* End PBXBuildFile section */

/* Begin PBXContainerItemProxy section */
		6FEA591E2BBBD10F003A49A5 /* PBXContainerItemProxy */ = {
			isa = PBXContainerItemProxy;
			containerPortal = 6FEA59052BBBD10D003A49A5 /* Project object */;
			proxyType = 1;
			remoteGlobalIDString = 6FEA590C2BBBD10D003A49A5;
			remoteInfo = "ItunesProject-SwiftUI";
		};
		6FEA59282BBBD10F003A49A5 /* PBXContainerItemProxy */ = {
			isa = PBXContainerItemProxy;
			containerPortal = 6FEA59052BBBD10D003A49A5 /* Project object */;
			proxyType = 1;
			remoteGlobalIDString = 6FEA590C2BBBD10D003A49A5;
			remoteInfo = "ItunesProject-SwiftUI";
		};
/* End PBXContainerItemProxy section */

/* Begin PBXFileReference section */
		6FEA590D2BBBD10D003A49A5 /* ItunesProject-SwiftUI.app */ = {isa = PBXFileReference; explicitFileType = wrapper.application; includeInIndex = 0; path = "ItunesProject-SwiftUI.app"; sourceTree = BUILT_PRODUCTS_DIR; };
		6FEA59102BBBD10D003A49A5 /* ItunesProject_SwiftUIApp.swift */ = {isa = PBXFileReference; lastKnownFileType = sourcecode.swift; path = ItunesProject_SwiftUIApp.swift; sourceTree = "<group>"; };
		6FEA59122BBBD10D003A49A5 /* ContentView.swift */ = {isa = PBXFileReference; lastKnownFileType = sourcecode.swift; path = ContentView.swift; sourceTree = "<group>"; };
		6FEA59142BBBD10F003A49A5 /* Assets.xcassets */ = {isa = PBXFileReference; lastKnownFileType = folder.assetcatalog; path = Assets.xcassets; sourceTree = "<group>"; };
		6FEA59172BBBD10F003A49A5 /* Preview Assets.xcassets */ = {isa = PBXFileReference; lastKnownFileType = folder.assetcatalog; path = "Preview Assets.xcassets"; sourceTree = "<group>"; };
		6FEA591D2BBBD10F003A49A5 /* ItunesProject-SwiftUITests.xctest */ = {isa = PBXFileReference; explicitFileType = wrapper.cfbundle; includeInIndex = 0; path = "ItunesProject-SwiftUITests.xctest"; sourceTree = BUILT_PRODUCTS_DIR; };
		6FEA59212BBBD10F003A49A5 /* ItunesProject_SwiftUITests.swift */ = {isa = PBXFileReference; lastKnownFileType = sourcecode.swift; path = ItunesProject_SwiftUITests.swift; sourceTree = "<group>"; };
		6FEA59272BBBD10F003A49A5 /* ItunesProject-SwiftUIUITests.xctest */ = {isa = PBXFileReference; explicitFileType = wrapper.cfbundle; includeInIndex = 0; path = "ItunesProject-SwiftUIUITests.xctest"; sourceTree = BUILT_PRODUCTS_DIR; };
		6FEA592B2BBBD10F003A49A5 /* ItunesProject_SwiftUIUITests.swift */ = {isa = PBXFileReference; lastKnownFileType = sourcecode.swift; path = ItunesProject_SwiftUIUITests.swift; sourceTree = "<group>"; };
		6FEA592D2BBBD10F003A49A5 /* ItunesProject_SwiftUIUITestsLaunchTests.swift */ = {isa = PBXFileReference; lastKnownFileType = sourcecode.swift; path = ItunesProject_SwiftUIUITestsLaunchTests.swift; sourceTree = "<group>"; };
		6FEA59402BBBD1B0003A49A5 /* BaseUrl.swift */ = {isa = PBXFileReference; lastKnownFileType = sourcecode.swift; path = BaseUrl.swift; sourceTree = "<group>"; };
		6FEA59422BBBD1D2003A49A5 /* ItunesApiError.swift */ = {isa = PBXFileReference; lastKnownFileType = sourcecode.swift; path = ItunesApiError.swift; sourceTree = "<group>"; };
		6FEA59442BBBD22A003A49A5 /* ItunesRepository.swift */ = {isa = PBXFileReference; lastKnownFileType = sourcecode.swift; path = ItunesRepository.swift; sourceTree = "<group>"; };
		6FEA59462BBBD24E003A49A5 /* SongDTO.swift */ = {isa = PBXFileReference; lastKnownFileType = sourcecode.swift; path = SongDTO.swift; sourceTree = "<group>"; };
		6FEA59482BBBD291003A49A5 /* ItunesApiService.swift */ = {isa = PBXFileReference; lastKnownFileType = sourcecode.swift; path = ItunesApiService.swift; sourceTree = "<group>"; };
		6FEA594A2BBBD2B5003A49A5 /* ItunesApiServiceProtocol.swift */ = {isa = PBXFileReference; lastKnownFileType = sourcecode.swift; path = ItunesApiServiceProtocol.swift; sourceTree = "<group>"; };
		6FEA59502BBBD452003A49A5 /* SongModel.swift */ = {isa = PBXFileReference; lastKnownFileType = sourcecode.swift; path = SongModel.swift; sourceTree = "<group>"; };
		6FEA59522BBBD4AB003A49A5 /* IdentifiableString.swift */ = {isa = PBXFileReference; lastKnownFileType = sourcecode.swift; path = IdentifiableString.swift; sourceTree = "<group>"; };
		6FEA59542BBBD4EC003A49A5 /* GetListSongsUseCase.swift */ = {isa = PBXFileReference; lastKnownFileType = sourcecode.swift; path = GetListSongsUseCase.swift; sourceTree = "<group>"; };
		6FEA59562BBBD51B003A49A5 /* ItunesRepositoryProtocol.swift */ = {isa = PBXFileReference; lastKnownFileType = sourcecode.swift; path = ItunesRepositoryProtocol.swift; sourceTree = "<group>"; };
		6FEA595A2BBBD5D6003A49A5 /* ItunesMusicViewModel.swift */ = {isa = PBXFileReference; lastKnownFileType = sourcecode.swift; path = ItunesMusicViewModel.swift; sourceTree = "<group>"; };
		6FEA595C2BBBD621003A49A5 /* ItunesScreen.swift */ = {isa = PBXFileReference; lastKnownFileType = sourcecode.swift; path = ItunesScreen.swift; sourceTree = "<group>"; };
/* End PBXFileReference section */

/* Begin PBXFrameworksBuildPhase section */
		6FEA590A2BBBD10D003A49A5 /* Frameworks */ = {
			isa = PBXFrameworksBuildPhase;
			buildActionMask = 2147483647;
			files = (
			);
			runOnlyForDeploymentPostprocessing = 0;
		};
		6FEA591A2BBBD10F003A49A5 /* Frameworks */ = {
			isa = PBXFrameworksBuildPhase;
			buildActionMask = 2147483647;
			files = (
			);
			runOnlyForDeploymentPostprocessing = 0;
		};
		6FEA59242BBBD10F003A49A5 /* Frameworks */ = {
			isa = PBXFrameworksBuildPhase;
			buildActionMask = 2147483647;
			files = (
			);
			runOnlyForDeploymentPostprocessing = 0;
		};
/* End PBXFrameworksBuildPhase section */

/* Begin PBXGroup section */
		6FEA59042BBBD10D003A49A5 = {
			isa = PBXGroup;
			children = (
				6FEA590F2BBBD10D003A49A5 /* ItunesProject-SwiftUI */,
				6FEA59202BBBD10F003A49A5 /* ItunesProject-SwiftUITests */,
				6FEA592A2BBBD10F003A49A5 /* ItunesProject-SwiftUIUITests */,
				6FEA590E2BBBD10D003A49A5 /* Products */,
			);
			sourceTree = "<group>";
		};
		6FEA590E2BBBD10D003A49A5 /* Products */ = {
			isa = PBXGroup;
			children = (
				6FEA590D2BBBD10D003A49A5 /* ItunesProject-SwiftUI.app */,
				6FEA591D2BBBD10F003A49A5 /* ItunesProject-SwiftUITests.xctest */,
				6FEA59272BBBD10F003A49A5 /* ItunesProject-SwiftUIUITests.xctest */,
			);
			name = Products;
			sourceTree = "<group>";
		};
		6FEA590F2BBBD10D003A49A5 /* ItunesProject-SwiftUI */ = {
			isa = PBXGroup;
			children = (
				6FEA59582BBBD55D003A49A5 /* View */,
				6FEA594C2BBBD416003A49A5 /* Domain */,
				6FEA593A2BBBD131003A49A5 /* Data */,
				6FEA59102BBBD10D003A49A5 /* ItunesProject_SwiftUIApp.swift */,
				6FEA59142BBBD10F003A49A5 /* Assets.xcassets */,
				6FEA59162BBBD10F003A49A5 /* Preview Content */,
			);
			path = "ItunesProject-SwiftUI";
			sourceTree = "<group>";
		};
		6FEA59162BBBD10F003A49A5 /* Preview Content */ = {
			isa = PBXGroup;
			children = (
				6FEA59172BBBD10F003A49A5 /* Preview Assets.xcassets */,
			);
			path = "Preview Content";
			sourceTree = "<group>";
		};
		6FEA59202BBBD10F003A49A5 /* ItunesProject-SwiftUITests */ = {
			isa = PBXGroup;
			children = (
				6FEA59212BBBD10F003A49A5 /* ItunesProject_SwiftUITests.swift */,
			);
			path = "ItunesProject-SwiftUITests";
			sourceTree = "<group>";
		};
		6FEA592A2BBBD10F003A49A5 /* ItunesProject-SwiftUIUITests */ = {
			isa = PBXGroup;
			children = (
				6FEA592B2BBBD10F003A49A5 /* ItunesProject_SwiftUIUITests.swift */,
				6FEA592D2BBBD10F003A49A5 /* ItunesProject_SwiftUIUITestsLaunchTests.swift */,
			);
			path = "ItunesProject-SwiftUIUITests";
			sourceTree = "<group>";
		};
		6FEA593A2BBBD131003A49A5 /* Data */ = {
			isa = PBXGroup;
			children = (
				6FEA593F2BBBD18B003A49A5 /* Service */,
				6FEA593E2BBBD179003A49A5 /* Repository */,
				6FEA593C2BBBD154003A49A5 /* Models */,
				6FEA593B2BBBD145003A49A5 /* DTOs */,
			);
			path = Data;
			sourceTree = "<group>";
		};
		6FEA593B2BBBD145003A49A5 /* DTOs */ = {
			isa = PBXGroup;
			children = (
				6FEA59462BBBD24E003A49A5 /* SongDTO.swift */,
			);
			path = DTOs;
			sourceTree = "<group>";
		};
		6FEA593C2BBBD154003A49A5 /* Models */ = {
			isa = PBXGroup;
			children = (
				6FEA59422BBBD1D2003A49A5 /* ItunesApiError.swift */,
			);
			path = Models;
			sourceTree = "<group>";
		};
		6FEA593D2BBBD15D003A49A5 /* EndPoint */ = {
			isa = PBXGroup;
			children = (
				6FEA59402BBBD1B0003A49A5 /* BaseUrl.swift */,
			);
			path = EndPoint;
			sourceTree = "<group>";
		};
		6FEA593E2BBBD179003A49A5 /* Repository */ = {
			isa = PBXGroup;
			children = (
				6FEA59442BBBD22A003A49A5 /* ItunesRepository.swift */,
			);
			path = Repository;
			sourceTree = "<group>";
		};
		6FEA593F2BBBD18B003A49A5 /* Service */ = {
			isa = PBXGroup;
			children = (
				6FEA593D2BBBD15D003A49A5 /* EndPoint */,
				6FEA59482BBBD291003A49A5 /* ItunesApiService.swift */,
				6FEA594A2BBBD2B5003A49A5 /* ItunesApiServiceProtocol.swift */,
			);
			path = Service;
			sourceTree = "<group>";
		};
		6FEA594C2BBBD416003A49A5 /* Domain */ = {
			isa = PBXGroup;
			children = (
				6FEA594F2BBBD433003A49A5 /* Protocols */,
				6FEA594E2BBBD42C003A49A5 /* UsesCases */,
				6FEA594D2BBBD425003A49A5 /* Models */,
			);
			path = Domain;
			sourceTree = "<group>";
		};
		6FEA594D2BBBD425003A49A5 /* Models */ = {
			isa = PBXGroup;
			children = (
				6FEA59502BBBD452003A49A5 /* SongModel.swift */,
				6FEA59522BBBD4AB003A49A5 /* IdentifiableString.swift */,
			);
			path = Models;
			sourceTree = "<group>";
		};
		6FEA594E2BBBD42C003A49A5 /* UsesCases */ = {
			isa = PBXGroup;
			children = (
				6FEA59542BBBD4EC003A49A5 /* GetListSongsUseCase.swift */,
			);
			path = UsesCases;
			sourceTree = "<group>";
		};
		6FEA594F2BBBD433003A49A5 /* Protocols */ = {
			isa = PBXGroup;
			children = (
				6FEA59562BBBD51B003A49A5 /* ItunesRepositoryProtocol.swift */,
			);
			path = Protocols;
			sourceTree = "<group>";
		};
		6FEA59582BBBD55D003A49A5 /* View */ = {
			isa = PBXGroup;
			children = (
				6FEA59592BBBD5B1003A49A5 /* ViewModel */,
				6FEA59122BBBD10D003A49A5 /* ContentView.swift */,
				6FEA595C2BBBD621003A49A5 /* ItunesScreen.swift */,
			);
			path = View;
			sourceTree = "<group>";
		};
		6FEA59592BBBD5B1003A49A5 /* ViewModel */ = {
			isa = PBXGroup;
			children = (
				6FEA595A2BBBD5D6003A49A5 /* ItunesMusicViewModel.swift */,
			);
			path = ViewModel;
			sourceTree = "<group>";
		};
/* End PBXGroup section */

/* Begin PBXNativeTarget section */
		6FEA590C2BBBD10D003A49A5 /* ItunesProject-SwiftUI */ = {
			isa = PBXNativeTarget;
			buildConfigurationList = 6FEA59312BBBD10F003A49A5 /* Build configuration list for PBXNativeTarget "ItunesProject-SwiftUI" */;
			buildPhases = (
				6FEA59092BBBD10D003A49A5 /* Sources */,
				6FEA590A2BBBD10D003A49A5 /* Frameworks */,
				6FEA590B2BBBD10D003A49A5 /* Resources */,
			);
			buildRules = (
			);
			dependencies = (
			);
			name = "ItunesProject-SwiftUI";
			productName = "ItunesProject-SwiftUI";
			productReference = 6FEA590D2BBBD10D003A49A5 /* ItunesProject-SwiftUI.app */;
			productType = "com.apple.product-type.application";
		};
		6FEA591C2BBBD10F003A49A5 /* ItunesProject-SwiftUITests */ = {
			isa = PBXNativeTarget;
			buildConfigurationList = 6FEA59342BBBD10F003A49A5 /* Build configuration list for PBXNativeTarget "ItunesProject-SwiftUITests" */;
			buildPhases = (
				6FEA59192BBBD10F003A49A5 /* Sources */,
				6FEA591A2BBBD10F003A49A5 /* Frameworks */,
				6FEA591B2BBBD10F003A49A5 /* Resources */,
			);
			buildRules = (
			);
			dependencies = (
				6FEA591F2BBBD10F003A49A5 /* PBXTargetDependency */,
			);
			name = "ItunesProject-SwiftUITests";
			productName = "ItunesProject-SwiftUITests";
			productReference = 6FEA591D2BBBD10F003A49A5 /* ItunesProject-SwiftUITests.xctest */;
			productType = "com.apple.product-type.bundle.unit-test";
		};
		6FEA59262BBBD10F003A49A5 /* ItunesProject-SwiftUIUITests */ = {
			isa = PBXNativeTarget;
			buildConfigurationList = 6FEA59372BBBD10F003A49A5 /* Build configuration list for PBXNativeTarget "ItunesProject-SwiftUIUITests" */;
			buildPhases = (
				6FEA59232BBBD10F003A49A5 /* Sources */,
				6FEA59242BBBD10F003A49A5 /* Frameworks */,
				6FEA59252BBBD10F003A49A5 /* Resources */,
			);
			buildRules = (
			);
			dependencies = (
				6FEA59292BBBD10F003A49A5 /* PBXTargetDependency */,
			);
			name = "ItunesProject-SwiftUIUITests";
			productName = "ItunesProject-SwiftUIUITests";
			productReference = 6FEA59272BBBD10F003A49A5 /* ItunesProject-SwiftUIUITests.xctest */;
			productType = "com.apple.product-type.bundle.ui-testing";
		};
/* End PBXNativeTarget section */

/* Begin PBXProject section */
		6FEA59052BBBD10D003A49A5 /* Project object */ = {
			isa = PBXProject;
			attributes = {
				BuildIndependentTargetsInParallel = 1;
				LastSwiftUpdateCheck = 1510;
				LastUpgradeCheck = 1510;
				TargetAttributes = {
					6FEA590C2BBBD10D003A49A5 = {
						CreatedOnToolsVersion = 15.1;
					};
					6FEA591C2BBBD10F003A49A5 = {
						CreatedOnToolsVersion = 15.1;
						TestTargetID = 6FEA590C2BBBD10D003A49A5;
					};
					6FEA59262BBBD10F003A49A5 = {
						CreatedOnToolsVersion = 15.1;
						TestTargetID = 6FEA590C2BBBD10D003A49A5;
					};
				};
			};
			buildConfigurationList = 6FEA59082BBBD10D003A49A5 /* Build configuration list for PBXProject "ItunesProject-SwiftUI" */;
			compatibilityVersion = "Xcode 14.0";
			developmentRegion = en;
			hasScannedForEncodings = 0;
			knownRegions = (
				en,
				Base,
			);
			mainGroup = 6FEA59042BBBD10D003A49A5;
			productRefGroup = 6FEA590E2BBBD10D003A49A5 /* Products */;
			projectDirPath = "";
			projectRoot = "";
			targets = (
				6FEA590C2BBBD10D003A49A5 /* ItunesProject-SwiftUI */,
				6FEA591C2BBBD10F003A49A5 /* ItunesProject-SwiftUITests */,
				6FEA59262BBBD10F003A49A5 /* ItunesProject-SwiftUIUITests */,
			);
		};
/* End PBXProject section */

/* Begin PBXResourcesBuildPhase section */
		6FEA590B2BBBD10D003A49A5 /* Resources */ = {
			isa = PBXResourcesBuildPhase;
			buildActionMask = 2147483647;
			files = (
				6FEA59182BBBD10F003A49A5 /* Preview Assets.xcassets in Resources */,
				6FEA59152BBBD10F003A49A5 /* Assets.xcassets in Resources */,
			);
			runOnlyForDeploymentPostprocessing = 0;
		};
		6FEA591B2BBBD10F003A49A5 /* Resources */ = {
			isa = PBXResourcesBuildPhase;
			buildActionMask = 2147483647;
			files = (
			);
			runOnlyForDeploymentPostprocessing = 0;
		};
		6FEA59252BBBD10F003A49A5 /* Resources */ = {
			isa = PBXResourcesBuildPhase;
			buildActionMask = 2147483647;
			files = (
			);
			runOnlyForDeploymentPostprocessing = 0;
		};
/* End PBXResourcesBuildPhase section */

/* Begin PBXSourcesBuildPhase section */
		6FEA59092BBBD10D003A49A5 /* Sources */ = {
			isa = PBXSourcesBuildPhase;
			buildActionMask = 2147483647;
			files = (
				6FEA59132BBBD10D003A49A5 /* ContentView.swift in Sources */,
				6FEA59492BBBD291003A49A5 /* ItunesApiService.swift in Sources */,
				6FEA59412BBBD1B0003A49A5 /* BaseUrl.swift in Sources */,
				6FEA59572BBBD51B003A49A5 /* ItunesRepositoryProtocol.swift in Sources */,
				6FEA59112BBBD10D003A49A5 /* ItunesProject_SwiftUIApp.swift in Sources */,
				6FEA595D2BBBD621003A49A5 /* ItunesScreen.swift in Sources */,
				6FEA59452BBBD22A003A49A5 /* ItunesRepository.swift in Sources */,
				6FEA595B2BBBD5D6003A49A5 /* ItunesMusicViewModel.swift in Sources */,
				6FEA59472BBBD24E003A49A5 /* SongDTO.swift in Sources */,
				6FEA59552BBBD4EC003A49A5 /* GetListSongsUseCase.swift in Sources */,
				6FEA59532BBBD4AB003A49A5 /* IdentifiableString.swift in Sources */,
				6FEA59512BBBD452003A49A5 /* SongModel.swift in Sources */,
				6FEA594B2BBBD2B5003A49A5 /* ItunesApiServiceProtocol.swift in Sources */,
				6FEA59432BBBD1D2003A49A5 /* ItunesApiError.swift in Sources */,
			);
			runOnlyForDeploymentPostprocessing = 0;
		};
		6FEA59192BBBD10F003A49A5 /* Sources */ = {
			isa = PBXSourcesBuildPhase;
			buildActionMask = 2147483647;
			files = (
				6FEA59222BBBD10F003A49A5 /* ItunesProject_SwiftUITests.swift in Sources */,
			);
			runOnlyForDeploymentPostprocessing = 0;
		};
		6FEA59232BBBD10F003A49A5 /* Sources */ = {
			isa = PBXSourcesBuildPhase;
			buildActionMask = 2147483647;
			files = (
				6FEA592E2BBBD10F003A49A5 /* ItunesProject_SwiftUIUITestsLaunchTests.swift in Sources */,
				6FEA592C2BBBD10F003A49A5 /* ItunesProject_SwiftUIUITests.swift in Sources */,
			);
			runOnlyForDeploymentPostprocessing = 0;
		};
/* End PBXSourcesBuildPhase section */

/* Begin PBXTargetDependency section */
		6FEA591F2BBBD10F003A49A5 /* PBXTargetDependency */ = {
			isa = PBXTargetDependency;
			target = 6FEA590C2BBBD10D003A49A5 /* ItunesProject-SwiftUI */;
			targetProxy = 6FEA591E2BBBD10F003A49A5 /* PBXContainerItemProxy */;
		};
		6FEA59292BBBD10F003A49A5 /* PBXTargetDependency */ = {
			isa = PBXTargetDependency;
			target = 6FEA590C2BBBD10D003A49A5 /* ItunesProject-SwiftUI */;
			targetProxy = 6FEA59282BBBD10F003A49A5 /* PBXContainerItemProxy */;
		};
/* End PBXTargetDependency section */

/* Begin XCBuildConfiguration section */
		6FEA592F2BBBD10F003A49A5 /* Debug */ = {
			isa = XCBuildConfiguration;
			buildSettings = {
				ALWAYS_SEARCH_USER_PATHS = NO;
				ASSETCATALOG_COMPILER_GENERATE_SWIFT_ASSET_SYMBOL_EXTENSIONS = YES;
				CLANG_ANALYZER_NONNULL = YES;
				CLANG_ANALYZER_NUMBER_OBJECT_CONVERSION = YES_AGGRESSIVE;
				CLANG_CXX_LANGUAGE_STANDARD = "gnu++20";
				CLANG_ENABLE_MODULES = YES;
				CLANG_ENABLE_OBJC_ARC = YES;
				CLANG_ENABLE_OBJC_WEAK = YES;
				CLANG_WARN_BLOCK_CAPTURE_AUTORELEASING = YES;
				CLANG_WARN_BOOL_CONVERSION = YES;
				CLANG_WARN_COMMA = YES;
				CLANG_WARN_CONSTANT_CONVERSION = YES;
				CLANG_WARN_DEPRECATED_OBJC_IMPLEMENTATIONS = YES;
				CLANG_WARN_DIRECT_OBJC_ISA_USAGE = YES_ERROR;
				CLANG_WARN_DOCUMENTATION_COMMENTS = YES;
				CLANG_WARN_EMPTY_BODY = YES;
				CLANG_WARN_ENUM_CONVERSION = YES;
				CLANG_WARN_INFINITE_RECURSION = YES;
				CLANG_WARN_INT_CONVERSION = YES;
				CLANG_WARN_NON_LITERAL_NULL_CONVERSION = YES;
				CLANG_WARN_OBJC_IMPLICIT_RETAIN_SELF = YES;
				CLANG_WARN_OBJC_LITERAL_CONVERSION = YES;
				CLANG_WARN_OBJC_ROOT_CLASS = YES_ERROR;
				CLANG_WARN_QUOTED_INCLUDE_IN_FRAMEWORK_HEADER = YES;
				CLANG_WARN_RANGE_LOOP_ANALYSIS = YES;
				CLANG_WARN_STRICT_PROTOTYPES = YES;
				CLANG_WARN_SUSPICIOUS_MOVE = YES;
				CLANG_WARN_UNGUARDED_AVAILABILITY = YES_AGGRESSIVE;
				CLANG_WARN_UNREACHABLE_CODE = YES;
				CLANG_WARN__DUPLICATE_METHOD_MATCH = YES;
				COPY_PHASE_STRIP = NO;
				DEBUG_INFORMATION_FORMAT = dwarf;
				ENABLE_STRICT_OBJC_MSGSEND = YES;
				ENABLE_TESTABILITY = YES;
				ENABLE_USER_SCRIPT_SANDBOXING = YES;
				GCC_C_LANGUAGE_STANDARD = gnu17;
				GCC_DYNAMIC_NO_PIC = NO;
				GCC_NO_COMMON_BLOCKS = YES;
				GCC_OPTIMIZATION_LEVEL = 0;
				GCC_PREPROCESSOR_DEFINITIONS = (
					"DEBUG=1",
					"$(inherited)",
				);
				GCC_WARN_64_TO_32_BIT_CONVERSION = YES;
				GCC_WARN_ABOUT_RETURN_TYPE = YES_ERROR;
				GCC_WARN_UNDECLARED_SELECTOR = YES;
				GCC_WARN_UNINITIALIZED_AUTOS = YES_AGGRESSIVE;
				GCC_WARN_UNUSED_FUNCTION = YES;
				GCC_WARN_UNUSED_VARIABLE = YES;
				IPHONEOS_DEPLOYMENT_TARGET = 17.2;
				LOCALIZATION_PREFERS_STRING_CATALOGS = YES;
				MTL_ENABLE_DEBUG_INFO = INCLUDE_SOURCE;
				MTL_FAST_MATH = YES;
				ONLY_ACTIVE_ARCH = YES;
				SDKROOT = iphoneos;
				SWIFT_ACTIVE_COMPILATION_CONDITIONS = "DEBUG $(inherited)";
				SWIFT_OPTIMIZATION_LEVEL = "-Onone";
			};
			name = Debug;
		};
		6FEA59302BBBD10F003A49A5 /* Release */ = {
			isa = XCBuildConfiguration;
			buildSettings = {
				ALWAYS_SEARCH_USER_PATHS = NO;
				ASSETCATALOG_COMPILER_GENERATE_SWIFT_ASSET_SYMBOL_EXTENSIONS = YES;
				CLANG_ANALYZER_NONNULL = YES;
				CLANG_ANALYZER_NUMBER_OBJECT_CONVERSION = YES_AGGRESSIVE;
				CLANG_CXX_LANGUAGE_STANDARD = "gnu++20";
				CLANG_ENABLE_MODULES = YES;
				CLANG_ENABLE_OBJC_ARC = YES;
				CLANG_ENABLE_OBJC_WEAK = YES;
				CLANG_WARN_BLOCK_CAPTURE_AUTORELEASING = YES;
				CLANG_WARN_BOOL_CONVERSION = YES;
				CLANG_WARN_COMMA = YES;
				CLANG_WARN_CONSTANT_CONVERSION = YES;
				CLANG_WARN_DEPRECATED_OBJC_IMPLEMENTATIONS = YES;
				CLANG_WARN_DIRECT_OBJC_ISA_USAGE = YES_ERROR;
				CLANG_WARN_DOCUMENTATION_COMMENTS = YES;
				CLANG_WARN_EMPTY_BODY = YES;
				CLANG_WARN_ENUM_CONVERSION = YES;
				CLANG_WARN_INFINITE_RECURSION = YES;
				CLANG_WARN_INT_CONVERSION = YES;
				CLANG_WARN_NON_LITERAL_NULL_CONVERSION = YES;
				CLANG_WARN_OBJC_IMPLICIT_RETAIN_SELF = YES;
				CLANG_WARN_OBJC_LITERAL_CONVERSION = YES;
				CLANG_WARN_OBJC_ROOT_CLASS = YES_ERROR;
				CLANG_WARN_QUOTED_INCLUDE_IN_FRAMEWORK_HEADER = YES;
				CLANG_WARN_RANGE_LOOP_ANALYSIS = YES;
				CLANG_WARN_STRICT_PROTOTYPES = YES;
				CLANG_WARN_SUSPICIOUS_MOVE = YES;
				CLANG_WARN_UNGUARDED_AVAILABILITY = YES_AGGRESSIVE;
				CLANG_WARN_UNREACHABLE_CODE = YES;
				CLANG_WARN__DUPLICATE_METHOD_MATCH = YES;
				COPY_PHASE_STRIP = NO;
				DEBUG_INFORMATION_FORMAT = "dwarf-with-dsym";
				ENABLE_NS_ASSERTIONS = NO;
				ENABLE_STRICT_OBJC_MSGSEND = YES;
				ENABLE_USER_SCRIPT_SANDBOXING = YES;
				GCC_C_LANGUAGE_STANDARD = gnu17;
				GCC_NO_COMMON_BLOCKS = YES;
				GCC_WARN_64_TO_32_BIT_CONVERSION = YES;
				GCC_WARN_ABOUT_RETURN_TYPE = YES_ERROR;
				GCC_WARN_UNDECLARED_SELECTOR = YES;
				GCC_WARN_UNINITIALIZED_AUTOS = YES_AGGRESSIVE;
				GCC_WARN_UNUSED_FUNCTION = YES;
				GCC_WARN_UNUSED_VARIABLE = YES;
				IPHONEOS_DEPLOYMENT_TARGET = 17.2;
				LOCALIZATION_PREFERS_STRING_CATALOGS = YES;
				MTL_ENABLE_DEBUG_INFO = NO;
				MTL_FAST_MATH = YES;
				SDKROOT = iphoneos;
				SWIFT_COMPILATION_MODE = wholemodule;
				VALIDATE_PRODUCT = YES;
			};
			name = Release;
		};
		6FEA59322BBBD10F003A49A5 /* Debug */ = {
			isa = XCBuildConfiguration;
			buildSettings = {
				ASSETCATALOG_COMPILER_APPICON_NAME = AppIcon;
				ASSETCATALOG_COMPILER_GLOBAL_ACCENT_COLOR_NAME = AccentColor;
				CODE_SIGN_STYLE = Automatic;
				CURRENT_PROJECT_VERSION = 1;
				DEVELOPMENT_ASSET_PATHS = "\"ItunesProject-SwiftUI/Preview Content\"";
				ENABLE_PREVIEWS = YES;
				GENERATE_INFOPLIST_FILE = YES;
				INFOPLIST_KEY_UIApplicationSceneManifest_Generation = YES;
				INFOPLIST_KEY_UIApplicationSupportsIndirectInputEvents = YES;
				INFOPLIST_KEY_UILaunchScreen_Generation = YES;
				INFOPLIST_KEY_UISupportedInterfaceOrientations_iPad = "UIInterfaceOrientationPortrait UIInterfaceOrientationPortraitUpsideDown UIInterfaceOrientationLandscapeLeft UIInterfaceOrientationLandscapeRight";
				INFOPLIST_KEY_UISupportedInterfaceOrientations_iPhone = "UIInterfaceOrientationPortrait UIInterfaceOrientationLandscapeLeft UIInterfaceOrientationLandscapeRight";
				IPHONEOS_DEPLOYMENT_TARGET = 16.0;
				LD_RUNPATH_SEARCH_PATHS = (
					"$(inherited)",
					"@executable_path/Frameworks",
				);
				MARKETING_VERSION = 1.0;
				PRODUCT_BUNDLE_IDENTIFIER = "viki.ItunesProject-SwiftUI";
				PRODUCT_NAME = "$(TARGET_NAME)";
				SUPPORTED_PLATFORMS = "iphoneos iphonesimulator";
				SUPPORTS_MACCATALYST = NO;
				SUPPORTS_MAC_DESIGNED_FOR_IPHONE_IPAD = NO;
				SWIFT_EMIT_LOC_STRINGS = YES;
				SWIFT_VERSION = 5.0;
				TARGETED_DEVICE_FAMILY = "1,2";
			};
			name = Debug;
		};
		6FEA59332BBBD10F003A49A5 /* Release */ = {
			isa = XCBuildConfiguration;
			buildSettings = {
				ASSETCATALOG_COMPILER_APPICON_NAME = AppIcon;
				ASSETCATALOG_COMPILER_GLOBAL_ACCENT_COLOR_NAME = AccentColor;
				CODE_SIGN_STYLE = Automatic;
				CURRENT_PROJECT_VERSION = 1;
				DEVELOPMENT_ASSET_PATHS = "\"ItunesProject-SwiftUI/Preview Content\"";
				ENABLE_PREVIEWS = YES;
				GENERATE_INFOPLIST_FILE = YES;
				INFOPLIST_KEY_UIApplicationSceneManifest_Generation = YES;
				INFOPLIST_KEY_UIApplicationSupportsIndirectInputEvents = YES;
				INFOPLIST_KEY_UILaunchScreen_Generation = YES;
				INFOPLIST_KEY_UISupportedInterfaceOrientations_iPad = "UIInterfaceOrientationPortrait UIInterfaceOrientationPortraitUpsideDown UIInterfaceOrientationLandscapeLeft UIInterfaceOrientationLandscapeRight";
				INFOPLIST_KEY_UISupportedInterfaceOrientations_iPhone = "UIInterfaceOrientationPortrait UIInterfaceOrientationLandscapeLeft UIInterfaceOrientationLandscapeRight";
				IPHONEOS_DEPLOYMENT_TARGET = 16.0;
				LD_RUNPATH_SEARCH_PATHS = (
					"$(inherited)",
					"@executable_path/Frameworks",
				);
				MARKETING_VERSION = 1.0;
				PRODUCT_BUNDLE_IDENTIFIER = "viki.ItunesProject-SwiftUI";
				PRODUCT_NAME = "$(TARGET_NAME)";
				SUPPORTED_PLATFORMS = "iphoneos iphonesimulator";
				SUPPORTS_MACCATALYST = NO;
				SUPPORTS_MAC_DESIGNED_FOR_IPHONE_IPAD = NO;
				SWIFT_EMIT_LOC_STRINGS = YES;
				SWIFT_VERSION = 5.0;
				TARGETED_DEVICE_FAMILY = "1,2";
			};
			name = Release;
		};
		6FEA59352BBBD10F003A49A5 /* Debug */ = {
			isa = XCBuildConfiguration;
			buildSettings = {
				ALWAYS_EMBED_SWIFT_STANDARD_LIBRARIES = YES;
				BUNDLE_LOADER = "$(TEST_HOST)";
				CODE_SIGN_STYLE = Automatic;
				CURRENT_PROJECT_VERSION = 1;
				GENERATE_INFOPLIST_FILE = YES;
				IPHONEOS_DEPLOYMENT_TARGET = 17.2;
				MARKETING_VERSION = 1.0;
				PRODUCT_BUNDLE_IDENTIFIER = "viki.ItunesProject-SwiftUITests";
				PRODUCT_NAME = "$(TARGET_NAME)";
				SWIFT_EMIT_LOC_STRINGS = NO;
				SWIFT_VERSION = 5.0;
				TARGETED_DEVICE_FAMILY = "1,2";
				TEST_HOST = "$(BUILT_PRODUCTS_DIR)/ItunesProject-SwiftUI.app/$(BUNDLE_EXECUTABLE_FOLDER_PATH)/ItunesProject-SwiftUI";
			};
			name = Debug;
		};
		6FEA59362BBBD10F003A49A5 /* Release */ = {
			isa = XCBuildConfiguration;
			buildSettings = {
				ALWAYS_EMBED_SWIFT_STANDARD_LIBRARIES = YES;
				BUNDLE_LOADER = "$(TEST_HOST)";
				CODE_SIGN_STYLE = Automatic;
				CURRENT_PROJECT_VERSION = 1;
				GENERATE_INFOPLIST_FILE = YES;
				IPHONEOS_DEPLOYMENT_TARGET = 17.2;
				MARKETING_VERSION = 1.0;
				PRODUCT_BUNDLE_IDENTIFIER = "viki.ItunesProject-SwiftUITests";
				PRODUCT_NAME = "$(TARGET_NAME)";
				SWIFT_EMIT_LOC_STRINGS = NO;
				SWIFT_VERSION = 5.0;
				TARGETED_DEVICE_FAMILY = "1,2";
				TEST_HOST = "$(BUILT_PRODUCTS_DIR)/ItunesProject-SwiftUI.app/$(BUNDLE_EXECUTABLE_FOLDER_PATH)/ItunesProject-SwiftUI";
			};
			name = Release;
		};
		6FEA59382BBBD10F003A49A5 /* Debug */ = {
			isa = XCBuildConfiguration;
			buildSettings = {
				ALWAYS_EMBED_SWIFT_STANDARD_LIBRARIES = YES;
				CODE_SIGN_STYLE = Automatic;
				CURRENT_PROJECT_VERSION = 1;
				GENERATE_INFOPLIST_FILE = YES;
				MARKETING_VERSION = 1.0;
				PRODUCT_BUNDLE_IDENTIFIER = "viki.ItunesProject-SwiftUIUITests";
				PRODUCT_NAME = "$(TARGET_NAME)";
				SWIFT_EMIT_LOC_STRINGS = NO;
				SWIFT_VERSION = 5.0;
				TARGETED_DEVICE_FAMILY = "1,2";
				TEST_TARGET_NAME = "ItunesProject-SwiftUI";
			};
			name = Debug;
		};
		6FEA59392BBBD10F003A49A5 /* Release */ = {
			isa = XCBuildConfiguration;
			buildSettings = {
				ALWAYS_EMBED_SWIFT_STANDARD_LIBRARIES = YES;
				CODE_SIGN_STYLE = Automatic;
				CURRENT_PROJECT_VERSION = 1;
				GENERATE_INFOPLIST_FILE = YES;
				MARKETING_VERSION = 1.0;
				PRODUCT_BUNDLE_IDENTIFIER = "viki.ItunesProject-SwiftUIUITests";
				PRODUCT_NAME = "$(TARGET_NAME)";
				SWIFT_EMIT_LOC_STRINGS = NO;
				SWIFT_VERSION = 5.0;
				TARGETED_DEVICE_FAMILY = "1,2";
				TEST_TARGET_NAME = "ItunesProject-SwiftUI";
			};
			name = Release;
		};
/* End XCBuildConfiguration section */

/* Begin XCConfigurationList section */
		6FEA59082BBBD10D003A49A5 /* Build configuration list for PBXProject "ItunesProject-SwiftUI" */ = {
			isa = XCConfigurationList;
			buildConfigurations = (
				6FEA592F2BBBD10F003A49A5 /* Debug */,
				6FEA59302BBBD10F003A49A5 /* Release */,
			);
			defaultConfigurationIsVisible = 0;
			defaultConfigurationName = Release;
		};
		6FEA59312BBBD10F003A49A5 /* Build configuration list for PBXNativeTarget "ItunesProject-SwiftUI" */ = {
			isa = XCConfigurationList;
			buildConfigurations = (
				6FEA59322BBBD10F003A49A5 /* Debug */,
				6FEA59332BBBD10F003A49A5 /* Release */,
			);
			defaultConfigurationIsVisible = 0;
			defaultConfigurationName = Release;
		};
		6FEA59342BBBD10F003A49A5 /* Build configuration list for PBXNativeTarget "ItunesProject-SwiftUITests" */ = {
			isa = XCConfigurationList;
			buildConfigurations = (
				6FEA59352BBBD10F003A49A5 /* Debug */,
				6FEA59362BBBD10F003A49A5 /* Release */,
			);
			defaultConfigurationIsVisible = 0;
			defaultConfigurationName = Release;
		};
		6FEA59372BBBD10F003A49A5 /* Build configuration list for PBXNativeTarget "ItunesProject-SwiftUIUITests" */ = {
			isa = XCConfigurationList;
			buildConfigurations = (
				6FEA59382BBBD10F003A49A5 /* Debug */,
				6FEA59392BBBD10F003A49A5 /* Release */,
			);
			defaultConfigurationIsVisible = 0;
			defaultConfigurationName = Release;
		};
/* End XCConfigurationList section */
	};
	rootObject = 6FEA59052BBBD10D003A49A5 /* Project object */;
}
